
Microsoft Visual Studio Solution File, Format Version 12.00
# Visual Studio Version 17
VisualStudioVersion = 17.0.31912.275
MinimumVisualStudioVersion = 10.0.40219.1
Project("{2150E333-8FDC-42A3-9474-1A3956D46DE8}") = "ShopManagment", "ShopManagment", "{C6B2863C-DA26-4E08-A0C1-AE04AB5DD39F}"
EndProject
Project("{2150E333-8FDC-42A3-9474-1A3956D46DE8}") = "SM.Domain", "SM.Domain", "{13A621A8-183D-4D7A-A4B6-055147A310E9}"
EndProject
Project("{9A19103F-16F7-4668-BE54-9A1E7A4F7556}") = "ShopManagement.Domain", "ShopManagement.Domain\ShopManagement.Domain.csproj", "{521ED592-38C8-4FE2-B3C0-AFC6FB6283C3}"
EndProject
Project("{9A19103F-16F7-4668-BE54-9A1E7A4F7556}") = "0_Framwork", "0_Framwork\0_Framwork.csproj", "{0EC63507-E0F6-43AA-8994-784D146FB25D}"
EndProject
Project("{2150E333-8FDC-42A3-9474-1A3956D46DE8}") = "SM.Application", "SM.Application", "{88B360F9-6B4B-470A-B25E-21BF0F28A7EA}"
EndProject
Project("{9A19103F-16F7-4668-BE54-9A1E7A4F7556}") = "ShopManagment.Application.Contracts", "ShopManagment.Application.Contracts\ShopManagment.Application.Contracts.csproj", "{83CE37EC-5BE7-4341-BF0D-5A05F1F5BFC9}"
EndProject
Project("{9A19103F-16F7-4668-BE54-9A1E7A4F7556}") = "ShopManagment.Application", "ShopManagment.Application\ShopManagment.Application.csproj", "{D2D6993A-D68B-43BD-BA52-A7CA6355229A}"
EndProject
Project("{2150E333-8FDC-42A3-9474-1A3956D46DE8}") = "SM.Infrastructure", "SM.Infrastructure", "{60631097-C609-4B0A-BE75-AE5EB38A0352}"
EndProject
Project("{9A19103F-16F7-4668-BE54-9A1E7A4F7556}") = "ShopManagment.Infrastructure.EFCore", "ShopManagment.Infrastructure.EFCore\ShopManagment.Infrastructure.EFCore.csproj", "{54D23237-BC75-4A7F-B963-43F936E29727}"
EndProject
Project("{9A19103F-16F7-4668-BE54-9A1E7A4F7556}") = "ShopMangment.Configuration", "ShopMangmentBoostrapper\ShopMangment.Configuration.csproj", "{49C4E304-7D8A-4891-A591-723FCE792E65}"
EndProject
Project("{9A19103F-16F7-4668-BE54-9A1E7A4F7556}") = "ServiceHost", "ServiceHost\ServiceHost.csproj", "{4DA19A85-8C59-4CC3-802E-5708F73C715F}"
EndProject
Project("{2150E333-8FDC-42A3-9474-1A3956D46DE8}") = "SM.Presentation", "SM.Presentation", "{57037E16-48BE-4C04-80B0-0E5481A17D03}"
EndProject
Project("{9A19103F-16F7-4668-BE54-9A1E7A4F7556}") = "ShopManagement.Presentation.Api", "ShopManagement.Presentaton.Api\ShopManagement.Presentation.Api.csproj", "{11AE3BA7-6959-453C-9D7C-6747A0F1C460}"
EndProject
Project("{2150E333-8FDC-42A3-9474-1A3956D46DE8}") = "InventoryManagment", "InventoryManagment", "{A09D7490-3342-4120-B3E0-768AA970A636}"
EndProject
Project("{2150E333-8FDC-42A3-9474-1A3956D46DE8}") = "IM.Presentation", "IM.Presentation", "{4922B15F-5A67-4BB3-A847-C1E076D73768}"
EndProject
Project("{9A19103F-16F7-4668-BE54-9A1E7A4F7556}") = "InventoryManagement.Presentation.Api", "InventoryManagement.Presentation.Api\InventoryManagement.Presentation.Api.csproj", "{EC1E5FE1-CFA9-4982-A915-2A1B82F49463}"
EndProject
Project("{2150E333-8FDC-42A3-9474-1A3956D46DE8}") = "BlogManagement", "BlogManagement", "{0058B227-054D-4E4B-B33F-AF1727171182}"
EndProject
Project("{2150E333-8FDC-42A3-9474-1A3956D46DE8}") = "BM.Presentation", "BM.Presentation", "{4B5C9890-2606-475E-8D4A-C1707EE4147C}"
EndProject
Project("{2150E333-8FDC-42A3-9474-1A3956D46DE8}") = "IM.Application", "IM.Application", "{EF8DD20A-192E-4601-B7B9-7800AF1AC218}"
EndProject
Project("{9A19103F-16F7-4668-BE54-9A1E7A4F7556}") = "InventoryManagment.Application.Contract", "InventoryManagment.Application.Contract\InventoryManagment.Application.Contract.csproj", "{19FA417E-7014-46FE-849C-038E7448B39E}"
EndProject
Project("{2150E333-8FDC-42A3-9474-1A3956D46DE8}") = "IM.Domain", "IM.Domain", "{74385764-AE7D-4182-903B-00F772BB68C1}"
EndProject
Project("{2150E333-8FDC-42A3-9474-1A3956D46DE8}") = "IM.Infrasturcture", "IM.Infrasturcture", "{2CEE6B6F-8728-4CD9-AF26-95DB97AEEC91}"
EndProject
Project("{9A19103F-16F7-4668-BE54-9A1E7A4F7556}") = "01_LampshadeQuery", "01_LampshadeQuery\01_LampshadeQuery.csproj", "{35F53273-762B-4984-B2E8-26F76E8F15BF}"
EndProject
Project("{9A19103F-16F7-4668-BE54-9A1E7A4F7556}") = "InventoryManagment.Infrastructure.EFCore", "InventoryManagment.Infrastructure.EFCore\InventoryManagment.Infrastructure.EFCore.csproj", "{63D0E9B3-AF5A-4A03-8C23-119C7CD51D37}"
EndProject
Project("{9A19103F-16F7-4668-BE54-9A1E7A4F7556}") = "InventoryManagment.Domain", "InventoryManagment.Domain\InventoryManagment.Domain.csproj", "{987B0B53-61F5-4284-B2EC-1060BBB9E5C9}"
EndProject
Project("{9A19103F-16F7-4668-BE54-9A1E7A4F7556}") = "InventoryManagment.Infrastructure.Configuration", "InventoryManagment.Infrastructure.Configuration\InventoryManagment.Infrastructure.Configuration.csproj", "{56C4D197-E8B3-44E6-AF4E-25B6D5983C72}"
EndProject
Project("{2150E333-8FDC-42A3-9474-1A3956D46DE8}") = "DiscountManagement", "DiscountManagement", "{99790034-5171-4DDC-875B-73FB578C2790}"
EndProject
Project("{2150E333-8FDC-42A3-9474-1A3956D46DE8}") = "DM.Domain", "DM.Domain", "{8AC146B2-8340-4E1A-A987-34176DB831B1}"
EndProject
Project("{9A19103F-16F7-4668-BE54-9A1E7A4F7556}") = "DiscountManagement.Domain", "DiscountManagement.Domain\DiscountManagement.Domain.csproj", "{B342853A-F2DD-446B-991D-064300211058}"
EndProject
Project("{2150E333-8FDC-42A3-9474-1A3956D46DE8}") = "DM.Application", "DM.Application", "{202F9DA2-7ED9-434B-B0A8-4E5EE337F993}"
EndProject
Project("{9A19103F-16F7-4668-BE54-9A1E7A4F7556}") = "DiscountManagment.Application.Contract", "DiscountManagment.Application.Contract\DiscountManagment.Application.Contract.csproj", "{DED54132-91BF-4B34-9523-F41F30FDA6B9}"
EndProject
Project("{9A19103F-16F7-4668-BE54-9A1E7A4F7556}") = "DiscountManagement.Application", "DiscountManagement.Application\DiscountManagement.Application.csproj", "{E222B524-E941-4BFE-BB68-89E5BDEC402A}"
EndProject
Project("{2150E333-8FDC-42A3-9474-1A3956D46DE8}") = "DM.Infrastructure", "DM.Infrastructure", "{C9EE7A99-62AB-48FF-A86E-532D50BB567A}"
EndProject
Project("{9A19103F-16F7-4668-BE54-9A1E7A4F7556}") = "DiscountManagement.Infrastructure.EFCore", "DiscountManagement.Infrastructure.EFCore\DiscountManagement.Infrastructure.EFCore.csproj", "{EDEED27E-A021-4A87-935F-037FCD1304A4}"
EndProject
Project("{9A19103F-16F7-4668-BE54-9A1E7A4F7556}") = "DiscountManagement.Configuration", "DiscountManagement.Configuration\DiscountManagement.Configuration.csproj", "{04F0C08D-D658-4F26-AB72-54D2ECF26F20}"
EndProject
Project("{2150E333-8FDC-42A3-9474-1A3956D46DE8}") = "AccountManagement", "AccountManagement", "{461418DE-2340-40C1-BBA4-B5C4B3C993B7}"
EndProject
Project("{2150E333-8FDC-42A3-9474-1A3956D46DE8}") = "AM.Domain", "AM.Domain", "{AE916127-75FB-417F-9297-8CFD209E8B45}"
EndProject
Project("{9A19103F-16F7-4668-BE54-9A1E7A4F7556}") = "AccountManagement.Domain", "AccountManagement.Domain\AccountManagement.Domain.csproj", "{516B84B1-555A-4E9B-817C-8B30CFC27CFC}"
EndProject
Project("{2150E333-8FDC-42A3-9474-1A3956D46DE8}") = "AM.Application", "AM.Application", "{914607A7-0815-4418-8FF0-44EC9D7874AA}"
EndProject
Project("{9A19103F-16F7-4668-BE54-9A1E7A4F7556}") = "AccountManagement.Application.Contracts", "AccountManagement.Application.Contracts\AccountManagement.Application.Contracts.csproj", "{0A4A50AC-CEE7-4F21-9ED5-AD2161AC554D}"
EndProject
Project("{2150E333-8FDC-42A3-9474-1A3956D46DE8}") = "AM.Infrastructure", "AM.Infrastructure", "{8D4B8D8B-39B1-4503-BF9B-810C7D06C638}"
EndProject
Project("{9A19103F-16F7-4668-BE54-9A1E7A4F7556}") = "AccountManagement.Infrastructure.EFCore", "AccountManagement.Infrastructure.EFCore\AccountManagement.Infrastructure.EFCore.csproj", "{0B4AC5EB-96FD-42C9-873E-20AD0016C9FA}"
EndProject
Project("{9A19103F-16F7-4668-BE54-9A1E7A4F7556}") = "AccountManagement.Application", "AccountManagement.Application\AccountManagement.Application.csproj", "{CE65B63B-E0D2-4DF4-9F98-CBA655E15C00}"
EndProject
Project("{9A19103F-16F7-4668-BE54-9A1E7A4F7556}") = "AccountManagement.Configuration", "AccountManagement.Configuration\AccountManagement.Configuration.csproj", "{BCD20728-60CD-47F8-BF52-2B7F83D49613}"
EndProject
Project("{FAE04EC0-301F-11D3-BF4B-00C04F79EFBC}") = "ShopManagment.Infrastructure.AccountAcl", "ShopManagment.Infrastructure.AccountAcl\ShopManagment.Infrastructure.AccountAcl.csproj", "{3C202588-E38B-4F9F-82B0-C6CBD36D4526}"
EndProject
Global
	GlobalSection(SolutionConfigurationPlatforms) = preSolution
		Debug|Any CPU = Debug|Any CPU
		Release|Any CPU = Release|Any CPU
	EndGlobalSection
	GlobalSection(ProjectConfigurationPlatforms) = postSolution
		{521ED592-38C8-4FE2-B3C0-AFC6FB6283C3}.Debug|Any CPU.ActiveCfg = Debug|Any CPU
		{521ED592-38C8-4FE2-B3C0-AFC6FB6283C3}.Debug|Any CPU.Build.0 = Debug|Any CPU
		{521ED592-38C8-4FE2-B3C0-AFC6FB6283C3}.Release|Any CPU.ActiveCfg = Release|Any CPU
		{521ED592-38C8-4FE2-B3C0-AFC6FB6283C3}.Release|Any CPU.Build.0 = Release|Any CPU
		{0EC63507-E0F6-43AA-8994-784D146FB25D}.Debug|Any CPU.ActiveCfg = Debug|Any CPU
		{0EC63507-E0F6-43AA-8994-784D146FB25D}.Debug|Any CPU.Build.0 = Debug|Any CPU
		{0EC63507-E0F6-43AA-8994-784D146FB25D}.Release|Any CPU.ActiveCfg = Release|Any CPU
		{0EC63507-E0F6-43AA-8994-784D146FB25D}.Release|Any CPU.Build.0 = Release|Any CPU
		{83CE37EC-5BE7-4341-BF0D-5A05F1F5BFC9}.Debug|Any CPU.ActiveCfg = Debug|Any CPU
		{83CE37EC-5BE7-4341-BF0D-5A05F1F5BFC9}.Debug|Any CPU.Build.0 = Debug|Any CPU
		{83CE37EC-5BE7-4341-BF0D-5A05F1F5BFC9}.Release|Any CPU.ActiveCfg = Release|Any CPU
		{83CE37EC-5BE7-4341-BF0D-5A05F1F5BFC9}.Release|Any CPU.Build.0 = Release|Any CPU
		{D2D6993A-D68B-43BD-BA52-A7CA6355229A}.Debug|Any CPU.ActiveCfg = Debug|Any CPU
		{D2D6993A-D68B-43BD-BA52-A7CA6355229A}.Debug|Any CPU.Build.0 = Debug|Any CPU
		{D2D6993A-D68B-43BD-BA52-A7CA6355229A}.Release|Any CPU.ActiveCfg = Release|Any CPU
		{D2D6993A-D68B-43BD-BA52-A7CA6355229A}.Release|Any CPU.Build.0 = Release|Any CPU
		{54D23237-BC75-4A7F-B963-43F936E29727}.Debug|Any CPU.ActiveCfg = Debug|Any CPU
		{54D23237-BC75-4A7F-B963-43F936E29727}.Debug|Any CPU.Build.0 = Debug|Any CPU
		{54D23237-BC75-4A7F-B963-43F936E29727}.Release|Any CPU.ActiveCfg = Release|Any CPU
		{54D23237-BC75-4A7F-B963-43F936E29727}.Release|Any CPU.Build.0 = Release|Any CPU
		{49C4E304-7D8A-4891-A591-723FCE792E65}.Debug|Any CPU.ActiveCfg = Debug|Any CPU
		{49C4E304-7D8A-4891-A591-723FCE792E65}.Debug|Any CPU.Build.0 = Debug|Any CPU
		{49C4E304-7D8A-4891-A591-723FCE792E65}.Release|Any CPU.ActiveCfg = Release|Any CPU
		{49C4E304-7D8A-4891-A591-723FCE792E65}.Release|Any CPU.Build.0 = Release|Any CPU
		{4DA19A85-8C59-4CC3-802E-5708F73C715F}.Debug|Any CPU.ActiveCfg = Debug|Any CPU
		{4DA19A85-8C59-4CC3-802E-5708F73C715F}.Debug|Any CPU.Build.0 = Debug|Any CPU
		{4DA19A85-8C59-4CC3-802E-5708F73C715F}.Release|Any CPU.ActiveCfg = Release|Any CPU
		{4DA19A85-8C59-4CC3-802E-5708F73C715F}.Release|Any CPU.Build.0 = Release|Any CPU
		{11AE3BA7-6959-453C-9D7C-6747A0F1C460}.Debug|Any CPU.ActiveCfg = Debug|Any CPU
		{11AE3BA7-6959-453C-9D7C-6747A0F1C460}.Debug|Any CPU.Build.0 = Debug|Any CPU
		{11AE3BA7-6959-453C-9D7C-6747A0F1C460}.Release|Any CPU.ActiveCfg = Release|Any CPU
		{11AE3BA7-6959-453C-9D7C-6747A0F1C460}.Release|Any CPU.Build.0 = Release|Any CPU
		{EC1E5FE1-CFA9-4982-A915-2A1B82F49463}.Debug|Any CPU.ActiveCfg = Debug|Any CPU
		{EC1E5FE1-CFA9-4982-A915-2A1B82F49463}.Debug|Any CPU.Build.0 = Debug|Any CPU
		{EC1E5FE1-CFA9-4982-A915-2A1B82F49463}.Release|Any CPU.ActiveCfg = Release|Any CPU
		{EC1E5FE1-CFA9-4982-A915-2A1B82F49463}.Release|Any CPU.Build.0 = Release|Any CPU
		{19FA417E-7014-46FE-849C-038E7448B39E}.Debug|Any CPU.ActiveCfg = Debug|Any CPU
		{19FA417E-7014-46FE-849C-038E7448B39E}.Debug|Any CPU.Build.0 = Debug|Any CPU
		{19FA417E-7014-46FE-849C-038E7448B39E}.Release|Any CPU.ActiveCfg = Release|Any CPU
		{19FA417E-7014-46FE-849C-038E7448B39E}.Release|Any CPU.Build.0 = Release|Any CPU
		{35F53273-762B-4984-B2E8-26F76E8F15BF}.Debug|Any CPU.ActiveCfg = Debug|Any CPU
		{35F53273-762B-4984-B2E8-26F76E8F15BF}.Debug|Any CPU.Build.0 = Debug|Any CPU
		{35F53273-762B-4984-B2E8-26F76E8F15BF}.Release|Any CPU.ActiveCfg = Release|Any CPU
		{35F53273-762B-4984-B2E8-26F76E8F15BF}.Release|Any CPU.Build.0 = Release|Any CPU
		{63D0E9B3-AF5A-4A03-8C23-119C7CD51D37}.Debug|Any CPU.ActiveCfg = Debug|Any CPU
		{63D0E9B3-AF5A-4A03-8C23-119C7CD51D37}.Debug|Any CPU.Build.0 = Debug|Any CPU
		{63D0E9B3-AF5A-4A03-8C23-119C7CD51D37}.Release|Any CPU.ActiveCfg = Release|Any CPU
		{63D0E9B3-AF5A-4A03-8C23-119C7CD51D37}.Release|Any CPU.Build.0 = Release|Any CPU
		{987B0B53-61F5-4284-B2EC-1060BBB9E5C9}.Debug|Any CPU.ActiveCfg = Debug|Any CPU
		{987B0B53-61F5-4284-B2EC-1060BBB9E5C9}.Debug|Any CPU.Build.0 = Debug|Any CPU
		{987B0B53-61F5-4284-B2EC-1060BBB9E5C9}.Release|Any CPU.ActiveCfg = Release|Any CPU
		{987B0B53-61F5-4284-B2EC-1060BBB9E5C9}.Release|Any CPU.Build.0 = Release|Any CPU
		{56C4D197-E8B3-44E6-AF4E-25B6D5983C72}.Debug|Any CPU.ActiveCfg = Debug|Any CPU
		{56C4D197-E8B3-44E6-AF4E-25B6D5983C72}.Debug|Any CPU.Build.0 = Debug|Any CPU
		{56C4D197-E8B3-44E6-AF4E-25B6D5983C72}.Release|Any CPU.ActiveCfg = Release|Any CPU
		{56C4D197-E8B3-44E6-AF4E-25B6D5983C72}.Release|Any CPU.Build.0 = Release|Any CPU
		{B342853A-F2DD-446B-991D-064300211058}.Debug|Any CPU.ActiveCfg = Debug|Any CPU
		{B342853A-F2DD-446B-991D-064300211058}.Debug|Any CPU.Build.0 = Debug|Any CPU
		{B342853A-F2DD-446B-991D-064300211058}.Release|Any CPU.ActiveCfg = Release|Any CPU
		{B342853A-F2DD-446B-991D-064300211058}.Release|Any CPU.Build.0 = Release|Any CPU
		{DED54132-91BF-4B34-9523-F41F30FDA6B9}.Debug|Any CPU.ActiveCfg = Debug|Any CPU
		{DED54132-91BF-4B34-9523-F41F30FDA6B9}.Debug|Any CPU.Build.0 = Debug|Any CPU
		{DED54132-91BF-4B34-9523-F41F30FDA6B9}.Release|Any CPU.ActiveCfg = Release|Any CPU
		{DED54132-91BF-4B34-9523-F41F30FDA6B9}.Release|Any CPU.Build.0 = Release|Any CPU
		{E222B524-E941-4BFE-BB68-89E5BDEC402A}.Debug|Any CPU.ActiveCfg = Debug|Any CPU
		{E222B524-E941-4BFE-BB68-89E5BDEC402A}.Debug|Any CPU.Build.0 = Debug|Any CPU
		{E222B524-E941-4BFE-BB68-89E5BDEC402A}.Release|Any CPU.ActiveCfg = Release|Any CPU
		{E222B524-E941-4BFE-BB68-89E5BDEC402A}.Release|Any CPU.Build.0 = Release|Any CPU
		{EDEED27E-A021-4A87-935F-037FCD1304A4}.Debug|Any CPU.ActiveCfg = Debug|Any CPU
		{EDEED27E-A021-4A87-935F-037FCD1304A4}.Debug|Any CPU.Build.0 = Debug|Any CPU
		{EDEED27E-A021-4A87-935F-037FCD1304A4}.Release|Any CPU.ActiveCfg = Release|Any CPU
		{EDEED27E-A021-4A87-935F-037FCD1304A4}.Release|Any CPU.Build.0 = Release|Any CPU
		{04F0C08D-D658-4F26-AB72-54D2ECF26F20}.Debug|Any CPU.ActiveCfg = Debug|Any CPU
		{04F0C08D-D658-4F26-AB72-54D2ECF26F20}.Debug|Any CPU.Build.0 = Debug|Any CPU
		{04F0C08D-D658-4F26-AB72-54D2ECF26F20}.Release|Any CPU.ActiveCfg = Release|Any CPU
		{04F0C08D-D658-4F26-AB72-54D2ECF26F20}.Release|Any CPU.Build.0 = Release|Any CPU
		{516B84B1-555A-4E9B-817C-8B30CFC27CFC}.Debug|Any CPU.ActiveCfg = Debug|Any CPU
		{516B84B1-555A-4E9B-817C-8B30CFC27CFC}.Debug|Any CPU.Build.0 = Debug|Any CPU
		{516B84B1-555A-4E9B-817C-8B30CFC27CFC}.Release|Any CPU.ActiveCfg = Release|Any CPU
		{516B84B1-555A-4E9B-817C-8B30CFC27CFC}.Release|Any CPU.Build.0 = Release|Any CPU
		{0A4A50AC-CEE7-4F21-9ED5-AD2161AC554D}.Debug|Any CPU.ActiveCfg = Debug|Any CPU
		{0A4A50AC-CEE7-4F21-9ED5-AD2161AC554D}.Debug|Any CPU.Build.0 = Debug|Any CPU
		{0A4A50AC-CEE7-4F21-9ED5-AD2161AC554D}.Release|Any CPU.ActiveCfg = Release|Any CPU
		{0A4A50AC-CEE7-4F21-9ED5-AD2161AC554D}.Release|Any CPU.Build.0 = Release|Any CPU
		{0B4AC5EB-96FD-42C9-873E-20AD0016C9FA}.Debug|Any CPU.ActiveCfg = Debug|Any CPU
		{0B4AC5EB-96FD-42C9-873E-20AD0016C9FA}.Debug|Any CPU.Build.0 = Debug|Any CPU
		{0B4AC5EB-96FD-42C9-873E-20AD0016C9FA}.Release|Any CPU.ActiveCfg = Release|Any CPU
		{0B4AC5EB-96FD-42C9-873E-20AD0016C9FA}.Release|Any CPU.Build.0 = Release|Any CPU
		{CE65B63B-E0D2-4DF4-9F98-CBA655E15C00}.Debug|Any CPU.ActiveCfg = Debug|Any CPU
		{CE65B63B-E0D2-4DF4-9F98-CBA655E15C00}.Debug|Any CPU.Build.0 = Debug|Any CPU
		{CE65B63B-E0D2-4DF4-9F98-CBA655E15C00}.Release|Any CPU.ActiveCfg = Release|Any CPU
		{CE65B63B-E0D2-4DF4-9F98-CBA655E15C00}.Release|Any CPU.Build.0 = Release|Any CPU
		{BCD20728-60CD-47F8-BF52-2B7F83D49613}.Debug|Any CPU.ActiveCfg = Debug|Any CPU
		{BCD20728-60CD-47F8-BF52-2B7F83D49613}.Debug|Any CPU.Build.0 = Debug|Any CPU
		{BCD20728-60CD-47F8-BF52-2B7F83D49613}.Release|Any CPU.ActiveCfg = Release|Any CPU
		{BCD20728-60CD-47F8-BF52-2B7F83D49613}.Release|Any CPU.Build.0 = Release|Any CPU
		{3C202588-E38B-4F9F-82B0-C6CBD36D4526}.Debug|Any CPU.ActiveCfg = Debug|Any CPU
		{3C202588-E38B-4F9F-82B0-C6CBD36D4526}.Debug|Any CPU.Build.0 = Debug|Any CPU
		{3C202588-E38B-4F9F-82B0-C6CBD36D4526}.Release|Any CPU.ActiveCfg = Release|Any CPU
		{3C202588-E38B-4F9F-82B0-C6CBD36D4526}.Release|Any CPU.Build.0 = Release|Any CPU
	EndGlobalSection
	GlobalSection(SolutionProperties) = preSolution
		HideSolutionNode = FALSE
	EndGlobalSection
	GlobalSection(NestedProjects) = preSolution
		{13A621A8-183D-4D7A-A4B6-055147A310E9} = {C6B2863C-DA26-4E08-A0C1-AE04AB5DD39F}
		{521ED592-38C8-4FE2-B3C0-AFC6FB6283C3} = {13A621A8-183D-4D7A-A4B6-055147A310E9}
		{88B360F9-6B4B-470A-B25E-21BF0F28A7EA} = {C6B2863C-DA26-4E08-A0C1-AE04AB5DD39F}
		{83CE37EC-5BE7-4341-BF0D-5A05F1F5BFC9} = {88B360F9-6B4B-470A-B25E-21BF0F28A7EA}
		{D2D6993A-D68B-43BD-BA52-A7CA6355229A} = {88B360F9-6B4B-470A-B25E-21BF0F28A7EA}
		{60631097-C609-4B0A-BE75-AE5EB38A0352} = {C6B2863C-DA26-4E08-A0C1-AE04AB5DD39F}
		{54D23237-BC75-4A7F-B963-43F936E29727} = {60631097-C609-4B0A-BE75-AE5EB38A0352}
		{49C4E304-7D8A-4891-A591-723FCE792E65} = {60631097-C609-4B0A-BE75-AE5EB38A0352}
		{57037E16-48BE-4C04-80B0-0E5481A17D03} = {C6B2863C-DA26-4E08-A0C1-AE04AB5DD39F}
		{11AE3BA7-6959-453C-9D7C-6747A0F1C460} = {57037E16-48BE-4C04-80B0-0E5481A17D03}
		{4922B15F-5A67-4BB3-A847-C1E076D73768} = {A09D7490-3342-4120-B3E0-768AA970A636}
		{EC1E5FE1-CFA9-4982-A915-2A1B82F49463} = {4922B15F-5A67-4BB3-A847-C1E076D73768}
		{4B5C9890-2606-475E-8D4A-C1707EE4147C} = {0058B227-054D-4E4B-B33F-AF1727171182}
		{EF8DD20A-192E-4601-B7B9-7800AF1AC218} = {A09D7490-3342-4120-B3E0-768AA970A636}
		{19FA417E-7014-46FE-849C-038E7448B39E} = {EF8DD20A-192E-4601-B7B9-7800AF1AC218}
		{74385764-AE7D-4182-903B-00F772BB68C1} = {A09D7490-3342-4120-B3E0-768AA970A636}
		{2CEE6B6F-8728-4CD9-AF26-95DB97AEEC91} = {A09D7490-3342-4120-B3E0-768AA970A636}
		{63D0E9B3-AF5A-4A03-8C23-119C7CD51D37} = {2CEE6B6F-8728-4CD9-AF26-95DB97AEEC91}
		{987B0B53-61F5-4284-B2EC-1060BBB9E5C9} = {74385764-AE7D-4182-903B-00F772BB68C1}
		{56C4D197-E8B3-44E6-AF4E-25B6D5983C72} = {2CEE6B6F-8728-4CD9-AF26-95DB97AEEC91}
		{8AC146B2-8340-4E1A-A987-34176DB831B1} = {99790034-5171-4DDC-875B-73FB578C2790}
		{B342853A-F2DD-446B-991D-064300211058} = {8AC146B2-8340-4E1A-A987-34176DB831B1}
		{202F9DA2-7ED9-434B-B0A8-4E5EE337F993} = {99790034-5171-4DDC-875B-73FB578C2790}
		{DED54132-91BF-4B34-9523-F41F30FDA6B9} = {202F9DA2-7ED9-434B-B0A8-4E5EE337F993}
		{E222B524-E941-4BFE-BB68-89E5BDEC402A} = {202F9DA2-7ED9-434B-B0A8-4E5EE337F993}
		{C9EE7A99-62AB-48FF-A86E-532D50BB567A} = {99790034-5171-4DDC-875B-73FB578C2790}
		{EDEED27E-A021-4A87-935F-037FCD1304A4} = {C9EE7A99-62AB-48FF-A86E-532D50BB567A}
		{04F0C08D-D658-4F26-AB72-54D2ECF26F20} = {C9EE7A99-62AB-48FF-A86E-532D50BB567A}
		{AE916127-75FB-417F-9297-8CFD209E8B45} = {461418DE-2340-40C1-BBA4-B5C4B3C993B7}
		{516B84B1-555A-4E9B-817C-8B30CFC27CFC} = {AE916127-75FB-417F-9297-8CFD209E8B45}
		{914607A7-0815-4418-8FF0-44EC9D7874AA} = {461418DE-2340-40C1-BBA4-B5C4B3C993B7}
		{0A4A50AC-CEE7-4F21-9ED5-AD2161AC554D} = {914607A7-0815-4418-8FF0-44EC9D7874AA}
		{8D4B8D8B-39B1-4503-BF9B-810C7D06C638} = {461418DE-2340-40C1-BBA4-B5C4B3C993B7}
		{0B4AC5EB-96FD-42C9-873E-20AD0016C9FA} = {8D4B8D8B-39B1-4503-BF9B-810C7D06C638}
		{CE65B63B-E0D2-4DF4-9F98-CBA655E15C00} = {914607A7-0815-4418-8FF0-44EC9D7874AA}
		{BCD20728-60CD-47F8-BF52-2B7F83D49613} = {8D4B8D8B-39B1-4503-BF9B-810C7D06C638}
		{3C202588-E38B-4F9F-82B0-C6CBD36D4526} = {60631097-C609-4B0A-BE75-AE5EB38A0352}
	EndGlobalSection
	GlobalSection(ExtensibilityGlobals) = postSolution
		SolutionGuid = {B5106E3B-628B-4D7D-8F0F-B4D0A8451633}
	EndGlobalSection
EndGlobal
